
Microsoft Visual Studio Solution File, Format Version 12.00
# Visual Studio Version 16
VisualStudioVersion = 25.0.1703.6
MinimumVisualStudioVersion = 10.0.40219.1
Project("{F2A71F9B-5D33-465A-A702-920D77279786}") = "FSEulerTest", "FSEulerTest\FSEulerTest.fsproj", "{3F3B7FBA-B12D-4EDF-A707-4806DB5AA2CA}"
EndProject
Project("{F2A71F9B-5D33-465A-A702-920D77279786}") = "FSEuler", "FSEuler\FSEuler.fsproj", "{FCB0C622-B87F-4653-9349-443868F006B1}"
EndProject
Global
	GlobalSection(SolutionConfigurationPlatforms) = preSolution
		Debug|Any CPU = Debug|Any CPU
		Release|Any CPU = Release|Any CPU
	EndGlobalSection
	GlobalSection(ProjectConfigurationPlatforms) = postSolution
		{3F3B7FBA-B12D-4EDF-A707-4806DB5AA2CA}.Debug|Any CPU.ActiveCfg = Debug|Any CPU
		{3F3B7FBA-B12D-4EDF-A707-4806DB5AA2CA}.Debug|Any CPU.Build.0 = Debug|Any CPU
		{3F3B7FBA-B12D-4EDF-A707-4806DB5AA2CA}.Release|Any CPU.ActiveCfg = Release|Any CPU
		{3F3B7FBA-B12D-4EDF-A707-4806DB5AA2CA}.Release|Any CPU.Build.0 = Release|Any CPU
		{FCB0C622-B87F-4653-9349-443868F006B1}.Debug|Any CPU.ActiveCfg = Debug|Any CPU
		{FCB0C622-B87F-4653-9349-443868F006B1}.Debug|Any CPU.Build.0 = Debug|Any CPU
		{FCB0C622-B87F-4653-9349-443868F006B1}.Release|Any CPU.ActiveCfg = Release|Any CPU
		{FCB0C622-B87F-4653-9349-443868F006B1}.Release|Any CPU.Build.0 = Release|Any CPU
	EndGlobalSection
	GlobalSection(SolutionProperties) = preSolution
		HideSolutionNode = FALSE
	EndGlobalSection
	GlobalSection(ExtensibilityGlobals) = postSolution
		SolutionGuid = {6FE2715B-2E0A-4E2E-8EE9-B4F365171D78}
	EndGlobalSection
EndGlobal
